
Microsoft Visual Studio Solution File, Format Version 12.00
Project("{FAE04EC0-301F-11D3-BF4B-00C04F79EFBC}") = "BuyGames", "BuyGames\BuyGames.csproj", "{EE46CE6A-CA8E-43DC-A326-9EEEFBCA1442}"
EndProject
Global
	GlobalSection(SolutionConfigurationPlatforms) = preSolution
		Debug|Any CPU = Debug|Any CPU
		Release|Any CPU = Release|Any CPU
	EndGlobalSection
	GlobalSection(ProjectConfigurationPlatforms) = postSolution
		{EE46CE6A-CA8E-43DC-A326-9EEEFBCA1442}.Debug|Any CPU.ActiveCfg = Debug|Any CPU
		{EE46CE6A-CA8E-43DC-A326-9EEEFBCA1442}.Debug|Any CPU.Build.0 = Debug|Any CPU
		{EE46CE6A-CA8E-43DC-A326-9EEEFBCA1442}.Release|Any CPU.ActiveCfg = Release|Any CPU
		{EE46CE6A-CA8E-43DC-A326-9EEEFBCA1442}.Release|Any CPU.Build.0 = Release|Any CPU
	EndGlobalSection
EndGlobal
